
Microsoft Visual Studio Solution File, Format Version 12.00
# Visual Studio 14
VisualStudioVersion = 14.0.25420.1
MinimumVisualStudioVersion = 10.0.40219.1
Project("{FAE04EC0-301F-11D3-BF4B-00C04F79EFBC}") = "DragonFrontCompanion", "DragonFrontCompanion\DragonFrontCompanion.csproj", "{071BAD23-FB3C-4173-ABB6-5DB137D326BE}"
EndProject
Project("{FAE04EC0-301F-11D3-BF4B-00C04F79EFBC}") = "DragonFrontCompanion.Droid", "DragonFrontCompanion.Droid\DragonFrontCompanion.Droid.csproj", "{FD78E9E2-F1C5-4D51-B47F-F3BB7A871960}"
EndProject
Project("{FAE04EC0-301F-11D3-BF4B-00C04F79EFBC}") = "DragonFrontCompanion.iOS", "DragonFrontCompanion.iOS\DragonFrontCompanion.iOS.csproj", "{DC894E86-2152-4520-A978-70DBA1A24732}"
EndProject
Project("{FAE04EC0-301F-11D3-BF4B-00C04F79EFBC}") = "DragonFrontCompanion.Data", "DragonFrontCompanion.Data\DragonFrontCompanion.Data.csproj", "{68351946-D6B1-4453-AFC5-A0895A69AC76}"
EndProject
Project("{FAE04EC0-301F-11D3-BF4B-00C04F79EFBC}") = "DragonFrontCompanion.Tests", "DragonFrontCompanion.Tests\DragonFrontCompanion.Tests.csproj", "{F617E269-8670-4A2B-B274-F40A964ED6E4}"
EndProject
Project("{FAE04EC0-301F-11D3-BF4B-00C04F79EFBC}") = "DragonFrontCompanion.UITests", "DragonFrontCompanion.UITests\DragonFrontCompanion.UITests.csproj", "{7F172354-87A1-45CC-A134-7B743D5D389F}"
EndProject
Project("{FAE04EC0-301F-11D3-BF4B-00C04F79EFBC}") = "DragonFrontCompanion.UWP", "DragonFrontCompanion.UWP\DragonFrontCompanion.UWP.csproj", "{5C72AF31-0E94-4EE5-8FAE-2187E60EB25E}"
EndProject
Global
	GlobalSection(SolutionConfigurationPlatforms) = preSolution
		Ad-Hoc|Any CPU = Ad-Hoc|Any CPU
		Ad-Hoc|ARM = Ad-Hoc|ARM
		Ad-Hoc|iPhone = Ad-Hoc|iPhone
		Ad-Hoc|iPhoneSimulator = Ad-Hoc|iPhoneSimulator
		Ad-Hoc|x64 = Ad-Hoc|x64
		Ad-Hoc|x86 = Ad-Hoc|x86
		AppStore|Any CPU = AppStore|Any CPU
		AppStore|ARM = AppStore|ARM
		AppStore|iPhone = AppStore|iPhone
		AppStore|iPhoneSimulator = AppStore|iPhoneSimulator
		AppStore|x64 = AppStore|x64
		AppStore|x86 = AppStore|x86
		Debug|Any CPU = Debug|Any CPU
		Debug|ARM = Debug|ARM
		Debug|iPhone = Debug|iPhone
		Debug|iPhoneSimulator = Debug|iPhoneSimulator
		Debug|x64 = Debug|x64
		Debug|x86 = Debug|x86
		Release|Any CPU = Release|Any CPU
		Release|ARM = Release|ARM
		Release|iPhone = Release|iPhone
		Release|iPhoneSimulator = Release|iPhoneSimulator
		Release|x64 = Release|x64
		Release|x86 = Release|x86
		UWP|Any CPU = UWP|Any CPU
		UWP|ARM = UWP|ARM
		UWP|iPhone = UWP|iPhone
		UWP|iPhoneSimulator = UWP|iPhoneSimulator
		UWP|x64 = UWP|x64
		UWP|x86 = UWP|x86
	EndGlobalSection
	GlobalSection(ProjectConfigurationPlatforms) = postSolution
		{071BAD23-FB3C-4173-ABB6-5DB137D326BE}.Ad-Hoc|Any CPU.ActiveCfg = Release|Any CPU
		{071BAD23-FB3C-4173-ABB6-5DB137D326BE}.Ad-Hoc|Any CPU.Build.0 = Release|Any CPU
		{071BAD23-FB3C-4173-ABB6-5DB137D326BE}.Ad-Hoc|ARM.ActiveCfg = Release|Any CPU
		{071BAD23-FB3C-4173-ABB6-5DB137D326BE}.Ad-Hoc|ARM.Build.0 = Release|Any CPU
		{071BAD23-FB3C-4173-ABB6-5DB137D326BE}.Ad-Hoc|iPhone.ActiveCfg = Release|Any CPU
		{071BAD23-FB3C-4173-ABB6-5DB137D326BE}.Ad-Hoc|iPhone.Build.0 = Release|Any CPU
		{071BAD23-FB3C-4173-ABB6-5DB137D326BE}.Ad-Hoc|iPhoneSimulator.ActiveCfg = Release|Any CPU
		{071BAD23-FB3C-4173-ABB6-5DB137D326BE}.Ad-Hoc|iPhoneSimulator.Build.0 = Release|Any CPU
		{071BAD23-FB3C-4173-ABB6-5DB137D326BE}.Ad-Hoc|x64.ActiveCfg = Release|Any CPU
		{071BAD23-FB3C-4173-ABB6-5DB137D326BE}.Ad-Hoc|x64.Build.0 = Release|Any CPU
		{071BAD23-FB3C-4173-ABB6-5DB137D326BE}.Ad-Hoc|x86.ActiveCfg = Release|Any CPU
		{071BAD23-FB3C-4173-ABB6-5DB137D326BE}.Ad-Hoc|x86.Build.0 = Release|Any CPU
		{071BAD23-FB3C-4173-ABB6-5DB137D326BE}.AppStore|Any CPU.ActiveCfg = Release|Any CPU
		{071BAD23-FB3C-4173-ABB6-5DB137D326BE}.AppStore|Any CPU.Build.0 = Release|Any CPU
		{071BAD23-FB3C-4173-ABB6-5DB137D326BE}.AppStore|ARM.ActiveCfg = Release|Any CPU
		{071BAD23-FB3C-4173-ABB6-5DB137D326BE}.AppStore|ARM.Build.0 = Release|Any CPU
		{071BAD23-FB3C-4173-ABB6-5DB137D326BE}.AppStore|iPhone.ActiveCfg = Release|Any CPU
		{071BAD23-FB3C-4173-ABB6-5DB137D326BE}.AppStore|iPhone.Build.0 = Release|Any CPU
		{071BAD23-FB3C-4173-ABB6-5DB137D326BE}.AppStore|iPhoneSimulator.ActiveCfg = Release|Any CPU
		{071BAD23-FB3C-4173-ABB6-5DB137D326BE}.AppStore|iPhoneSimulator.Build.0 = Release|Any CPU
		{071BAD23-FB3C-4173-ABB6-5DB137D326BE}.AppStore|x64.ActiveCfg = Release|Any CPU
		{071BAD23-FB3C-4173-ABB6-5DB137D326BE}.AppStore|x64.Build.0 = Release|Any CPU
		{071BAD23-FB3C-4173-ABB6-5DB137D326BE}.AppStore|x86.ActiveCfg = Release|Any CPU
		{071BAD23-FB3C-4173-ABB6-5DB137D326BE}.AppStore|x86.Build.0 = Release|Any CPU
		{071BAD23-FB3C-4173-ABB6-5DB137D326BE}.Debug|Any CPU.ActiveCfg = Debug|Any CPU
		{071BAD23-FB3C-4173-ABB6-5DB137D326BE}.Debug|Any CPU.Build.0 = Debug|Any CPU
		{071BAD23-FB3C-4173-ABB6-5DB137D326BE}.Debug|ARM.ActiveCfg = Debug|Any CPU
		{071BAD23-FB3C-4173-ABB6-5DB137D326BE}.Debug|ARM.Build.0 = Debug|Any CPU
		{071BAD23-FB3C-4173-ABB6-5DB137D326BE}.Debug|iPhone.ActiveCfg = Debug|Any CPU
		{071BAD23-FB3C-4173-ABB6-5DB137D326BE}.Debug|iPhone.Build.0 = Debug|Any CPU
		{071BAD23-FB3C-4173-ABB6-5DB137D326BE}.Debug|iPhoneSimulator.ActiveCfg = Debug|Any CPU
		{071BAD23-FB3C-4173-ABB6-5DB137D326BE}.Debug|iPhoneSimulator.Build.0 = Debug|Any CPU
		{071BAD23-FB3C-4173-ABB6-5DB137D326BE}.Debug|x64.ActiveCfg = Debug|Any CPU
		{071BAD23-FB3C-4173-ABB6-5DB137D326BE}.Debug|x64.Build.0 = Debug|Any CPU
		{071BAD23-FB3C-4173-ABB6-5DB137D326BE}.Debug|x86.ActiveCfg = Debug|Any CPU
		{071BAD23-FB3C-4173-ABB6-5DB137D326BE}.Debug|x86.Build.0 = Debug|Any CPU
		{071BAD23-FB3C-4173-ABB6-5DB137D326BE}.Release|Any CPU.ActiveCfg = UWP|Any CPU
		{071BAD23-FB3C-4173-ABB6-5DB137D326BE}.Release|Any CPU.Build.0 = UWP|Any CPU
		{071BAD23-FB3C-4173-ABB6-5DB137D326BE}.Release|ARM.ActiveCfg = Release|Any CPU
		{071BAD23-FB3C-4173-ABB6-5DB137D326BE}.Release|ARM.Build.0 = Release|Any CPU
		{071BAD23-FB3C-4173-ABB6-5DB137D326BE}.Release|iPhone.ActiveCfg = Release|Any CPU
		{071BAD23-FB3C-4173-ABB6-5DB137D326BE}.Release|iPhone.Build.0 = Release|Any CPU
		{071BAD23-FB3C-4173-ABB6-5DB137D326BE}.Release|iPhoneSimulator.ActiveCfg = Release|Any CPU
		{071BAD23-FB3C-4173-ABB6-5DB137D326BE}.Release|iPhoneSimulator.Build.0 = Release|Any CPU
		{071BAD23-FB3C-4173-ABB6-5DB137D326BE}.Release|x64.ActiveCfg = Release|Any CPU
		{071BAD23-FB3C-4173-ABB6-5DB137D326BE}.Release|x64.Build.0 = Release|Any CPU
		{071BAD23-FB3C-4173-ABB6-5DB137D326BE}.Release|x86.ActiveCfg = Release|Any CPU
		{071BAD23-FB3C-4173-ABB6-5DB137D326BE}.Release|x86.Build.0 = Release|Any CPU
		{071BAD23-FB3C-4173-ABB6-5DB137D326BE}.UWP|Any CPU.ActiveCfg = UWP|Any CPU
		{071BAD23-FB3C-4173-ABB6-5DB137D326BE}.UWP|Any CPU.Build.0 = UWP|Any CPU
		{071BAD23-FB3C-4173-ABB6-5DB137D326BE}.UWP|ARM.ActiveCfg = UWP|Any CPU
		{071BAD23-FB3C-4173-ABB6-5DB137D326BE}.UWP|ARM.Build.0 = UWP|Any CPU
		{071BAD23-FB3C-4173-ABB6-5DB137D326BE}.UWP|iPhone.ActiveCfg = UWP|Any CPU
		{071BAD23-FB3C-4173-ABB6-5DB137D326BE}.UWP|iPhone.Build.0 = UWP|Any CPU
		{071BAD23-FB3C-4173-ABB6-5DB137D326BE}.UWP|iPhoneSimulator.ActiveCfg = UWP|Any CPU
		{071BAD23-FB3C-4173-ABB6-5DB137D326BE}.UWP|iPhoneSimulator.Build.0 = UWP|Any CPU
		{071BAD23-FB3C-4173-ABB6-5DB137D326BE}.UWP|x64.ActiveCfg = UWP|Any CPU
		{071BAD23-FB3C-4173-ABB6-5DB137D326BE}.UWP|x64.Build.0 = UWP|Any CPU
		{071BAD23-FB3C-4173-ABB6-5DB137D326BE}.UWP|x86.ActiveCfg = UWP|Any CPU
		{071BAD23-FB3C-4173-ABB6-5DB137D326BE}.UWP|x86.Build.0 = UWP|Any CPU
		{FD78E9E2-F1C5-4D51-B47F-F3BB7A871960}.Ad-Hoc|Any CPU.ActiveCfg = Release|Any CPU
		{FD78E9E2-F1C5-4D51-B47F-F3BB7A871960}.Ad-Hoc|ARM.ActiveCfg = Release|Any CPU
		{FD78E9E2-F1C5-4D51-B47F-F3BB7A871960}.Ad-Hoc|ARM.Build.0 = Release|Any CPU
		{FD78E9E2-F1C5-4D51-B47F-F3BB7A871960}.Ad-Hoc|ARM.Deploy.0 = Release|Any CPU
		{FD78E9E2-F1C5-4D51-B47F-F3BB7A871960}.Ad-Hoc|iPhone.ActiveCfg = Release|Any CPU
		{FD78E9E2-F1C5-4D51-B47F-F3BB7A871960}.Ad-Hoc|iPhone.Build.0 = Release|Any CPU
		{FD78E9E2-F1C5-4D51-B47F-F3BB7A871960}.Ad-Hoc|iPhone.Deploy.0 = Release|Any CPU
		{FD78E9E2-F1C5-4D51-B47F-F3BB7A871960}.Ad-Hoc|iPhoneSimulator.ActiveCfg = Release|Any CPU
		{FD78E9E2-F1C5-4D51-B47F-F3BB7A871960}.Ad-Hoc|iPhoneSimulator.Build.0 = Release|Any CPU
		{FD78E9E2-F1C5-4D51-B47F-F3BB7A871960}.Ad-Hoc|iPhoneSimulator.Deploy.0 = Release|Any CPU
		{FD78E9E2-F1C5-4D51-B47F-F3BB7A871960}.Ad-Hoc|x64.ActiveCfg = Release|Any CPU
		{FD78E9E2-F1C5-4D51-B47F-F3BB7A871960}.Ad-Hoc|x64.Build.0 = Release|Any CPU
		{FD78E9E2-F1C5-4D51-B47F-F3BB7A871960}.Ad-Hoc|x64.Deploy.0 = Release|Any CPU
		{FD78E9E2-F1C5-4D51-B47F-F3BB7A871960}.Ad-Hoc|x86.ActiveCfg = Release|Any CPU
		{FD78E9E2-F1C5-4D51-B47F-F3BB7A871960}.Ad-Hoc|x86.Build.0 = Release|Any CPU
		{FD78E9E2-F1C5-4D51-B47F-F3BB7A871960}.Ad-Hoc|x86.Deploy.0 = Release|Any CPU
		{FD78E9E2-F1C5-4D51-B47F-F3BB7A871960}.AppStore|Any CPU.ActiveCfg = Release|Any CPU
		{FD78E9E2-F1C5-4D51-B47F-F3BB7A871960}.AppStore|Any CPU.Build.0 = Release|Any CPU
		{FD78E9E2-F1C5-4D51-B47F-F3BB7A871960}.AppStore|Any CPU.Deploy.0 = Release|Any CPU
		{FD78E9E2-F1C5-4D51-B47F-F3BB7A871960}.AppStore|ARM.ActiveCfg = Release|Any CPU
		{FD78E9E2-F1C5-4D51-B47F-F3BB7A871960}.AppStore|ARM.Build.0 = Release|Any CPU
		{FD78E9E2-F1C5-4D51-B47F-F3BB7A871960}.AppStore|ARM.Deploy.0 = Release|Any CPU
		{FD78E9E2-F1C5-4D51-B47F-F3BB7A871960}.AppStore|iPhone.ActiveCfg = Release|Any CPU
		{FD78E9E2-F1C5-4D51-B47F-F3BB7A871960}.AppStore|iPhone.Build.0 = Release|Any CPU
		{FD78E9E2-F1C5-4D51-B47F-F3BB7A871960}.AppStore|iPhone.Deploy.0 = Release|Any CPU
		{FD78E9E2-F1C5-4D51-B47F-F3BB7A871960}.AppStore|iPhoneSimulator.ActiveCfg = Release|Any CPU
		{FD78E9E2-F1C5-4D51-B47F-F3BB7A871960}.AppStore|iPhoneSimulator.Build.0 = Release|Any CPU
		{FD78E9E2-F1C5-4D51-B47F-F3BB7A871960}.AppStore|iPhoneSimulator.Deploy.0 = Release|Any CPU
		{FD78E9E2-F1C5-4D51-B47F-F3BB7A871960}.AppStore|x64.ActiveCfg = Release|Any CPU
		{FD78E9E2-F1C5-4D51-B47F-F3BB7A871960}.AppStore|x64.Build.0 = Release|Any CPU
		{FD78E9E2-F1C5-4D51-B47F-F3BB7A871960}.AppStore|x64.Deploy.0 = Release|Any CPU
		{FD78E9E2-F1C5-4D51-B47F-F3BB7A871960}.AppStore|x86.ActiveCfg = Release|Any CPU
		{FD78E9E2-F1C5-4D51-B47F-F3BB7A871960}.AppStore|x86.Build.0 = Release|Any CPU
		{FD78E9E2-F1C5-4D51-B47F-F3BB7A871960}.AppStore|x86.Deploy.0 = Release|Any CPU
		{FD78E9E2-F1C5-4D51-B47F-F3BB7A871960}.Debug|Any CPU.ActiveCfg = Debug|Any CPU
		{FD78E9E2-F1C5-4D51-B47F-F3BB7A871960}.Debug|Any CPU.Build.0 = Debug|Any CPU
		{FD78E9E2-F1C5-4D51-B47F-F3BB7A871960}.Debug|Any CPU.Deploy.0 = Debug|Any CPU
		{FD78E9E2-F1C5-4D51-B47F-F3BB7A871960}.Debug|ARM.ActiveCfg = Debug|Any CPU
		{FD78E9E2-F1C5-4D51-B47F-F3BB7A871960}.Debug|ARM.Build.0 = Debug|Any CPU
		{FD78E9E2-F1C5-4D51-B47F-F3BB7A871960}.Debug|ARM.Deploy.0 = Debug|Any CPU
		{FD78E9E2-F1C5-4D51-B47F-F3BB7A871960}.Debug|iPhone.ActiveCfg = Debug|Any CPU
		{FD78E9E2-F1C5-4D51-B47F-F3BB7A871960}.Debug|iPhone.Build.0 = Debug|Any CPU
		{FD78E9E2-F1C5-4D51-B47F-F3BB7A871960}.Debug|iPhone.Deploy.0 = Debug|Any CPU
		{FD78E9E2-F1C5-4D51-B47F-F3BB7A871960}.Debug|iPhoneSimulator.ActiveCfg = Debug|Any CPU
		{FD78E9E2-F1C5-4D51-B47F-F3BB7A871960}.Debug|iPhoneSimulator.Build.0 = Debug|Any CPU
		{FD78E9E2-F1C5-4D51-B47F-F3BB7A871960}.Debug|iPhoneSimulator.Deploy.0 = Debug|Any CPU
		{FD78E9E2-F1C5-4D51-B47F-F3BB7A871960}.Debug|x64.ActiveCfg = Debug|Any CPU
		{FD78E9E2-F1C5-4D51-B47F-F3BB7A871960}.Debug|x64.Build.0 = Debug|Any CPU
		{FD78E9E2-F1C5-4D51-B47F-F3BB7A871960}.Debug|x64.Deploy.0 = Debug|Any CPU
		{FD78E9E2-F1C5-4D51-B47F-F3BB7A871960}.Debug|x86.ActiveCfg = Debug|Any CPU
		{FD78E9E2-F1C5-4D51-B47F-F3BB7A871960}.Debug|x86.Build.0 = Debug|Any CPU
		{FD78E9E2-F1C5-4D51-B47F-F3BB7A871960}.Debug|x86.Deploy.0 = Debug|Any CPU
		{FD78E9E2-F1C5-4D51-B47F-F3BB7A871960}.Release|Any CPU.ActiveCfg = Release|Any CPU
		{FD78E9E2-F1C5-4D51-B47F-F3BB7A871960}.Release|ARM.ActiveCfg = Release|Any CPU
		{FD78E9E2-F1C5-4D51-B47F-F3BB7A871960}.Release|ARM.Build.0 = Release|Any CPU
		{FD78E9E2-F1C5-4D51-B47F-F3BB7A871960}.Release|ARM.Deploy.0 = Release|Any CPU
		{FD78E9E2-F1C5-4D51-B47F-F3BB7A871960}.Release|iPhone.ActiveCfg = Release|Any CPU
		{FD78E9E2-F1C5-4D51-B47F-F3BB7A871960}.Release|iPhone.Build.0 = Release|Any CPU
		{FD78E9E2-F1C5-4D51-B47F-F3BB7A871960}.Release|iPhone.Deploy.0 = Release|Any CPU
		{FD78E9E2-F1C5-4D51-B47F-F3BB7A871960}.Release|iPhoneSimulator.ActiveCfg = Release|Any CPU
		{FD78E9E2-F1C5-4D51-B47F-F3BB7A871960}.Release|iPhoneSimulator.Build.0 = Release|Any CPU
		{FD78E9E2-F1C5-4D51-B47F-F3BB7A871960}.Release|iPhoneSimulator.Deploy.0 = Release|Any CPU
		{FD78E9E2-F1C5-4D51-B47F-F3BB7A871960}.Release|x64.ActiveCfg = Release|Any CPU
		{FD78E9E2-F1C5-4D51-B47F-F3BB7A871960}.Release|x64.Build.0 = Release|Any CPU
		{FD78E9E2-F1C5-4D51-B47F-F3BB7A871960}.Release|x64.Deploy.0 = Release|Any CPU
		{FD78E9E2-F1C5-4D51-B47F-F3BB7A871960}.Release|x86.ActiveCfg = Release|Any CPU
		{FD78E9E2-F1C5-4D51-B47F-F3BB7A871960}.Release|x86.Build.0 = Release|Any CPU
		{FD78E9E2-F1C5-4D51-B47F-F3BB7A871960}.Release|x86.Deploy.0 = Release|Any CPU
		{FD78E9E2-F1C5-4D51-B47F-F3BB7A871960}.UWP|Any CPU.ActiveCfg = UWP|Any CPU
		{FD78E9E2-F1C5-4D51-B47F-F3BB7A871960}.UWP|ARM.ActiveCfg = UWP|Any CPU
		{FD78E9E2-F1C5-4D51-B47F-F3BB7A871960}.UWP|ARM.Build.0 = UWP|Any CPU
		{FD78E9E2-F1C5-4D51-B47F-F3BB7A871960}.UWP|ARM.Deploy.0 = UWP|Any CPU
		{FD78E9E2-F1C5-4D51-B47F-F3BB7A871960}.UWP|iPhone.ActiveCfg = UWP|Any CPU
		{FD78E9E2-F1C5-4D51-B47F-F3BB7A871960}.UWP|iPhone.Build.0 = UWP|Any CPU
		{FD78E9E2-F1C5-4D51-B47F-F3BB7A871960}.UWP|iPhone.Deploy.0 = UWP|Any CPU
		{FD78E9E2-F1C5-4D51-B47F-F3BB7A871960}.UWP|iPhoneSimulator.ActiveCfg = UWP|Any CPU
		{FD78E9E2-F1C5-4D51-B47F-F3BB7A871960}.UWP|x64.ActiveCfg = UWP|Any CPU
		{FD78E9E2-F1C5-4D51-B47F-F3BB7A871960}.UWP|x64.Build.0 = UWP|Any CPU
		{FD78E9E2-F1C5-4D51-B47F-F3BB7A871960}.UWP|x64.Deploy.0 = UWP|Any CPU
		{FD78E9E2-F1C5-4D51-B47F-F3BB7A871960}.UWP|x86.ActiveCfg = UWP|Any CPU
		{FD78E9E2-F1C5-4D51-B47F-F3BB7A871960}.UWP|x86.Build.0 = UWP|Any CPU
		{FD78E9E2-F1C5-4D51-B47F-F3BB7A871960}.UWP|x86.Deploy.0 = UWP|Any CPU
		{DC894E86-2152-4520-A978-70DBA1A24732}.Ad-Hoc|Any CPU.ActiveCfg = Ad-Hoc|iPhone
		{DC894E86-2152-4520-A978-70DBA1A24732}.Ad-Hoc|Any CPU.Build.0 = Ad-Hoc|iPhone
		{DC894E86-2152-4520-A978-70DBA1A24732}.Ad-Hoc|ARM.ActiveCfg = Ad-Hoc|iPhone
		{DC894E86-2152-4520-A978-70DBA1A24732}.Ad-Hoc|iPhone.ActiveCfg = Ad-Hoc|iPhone
		{DC894E86-2152-4520-A978-70DBA1A24732}.Ad-Hoc|iPhone.Build.0 = Ad-Hoc|iPhone
		{DC894E86-2152-4520-A978-70DBA1A24732}.Ad-Hoc|iPhoneSimulator.ActiveCfg = Ad-Hoc|iPhoneSimulator
		{DC894E86-2152-4520-A978-70DBA1A24732}.Ad-Hoc|iPhoneSimulator.Build.0 = Ad-Hoc|iPhoneSimulator
		{DC894E86-2152-4520-A978-70DBA1A24732}.Ad-Hoc|x64.ActiveCfg = Ad-Hoc|iPhone
		{DC894E86-2152-4520-A978-70DBA1A24732}.Ad-Hoc|x86.ActiveCfg = Ad-Hoc|iPhone
		{DC894E86-2152-4520-A978-70DBA1A24732}.AppStore|Any CPU.ActiveCfg = AppStore|iPhone
		{DC894E86-2152-4520-A978-70DBA1A24732}.AppStore|ARM.ActiveCfg = AppStore|iPhone
		{DC894E86-2152-4520-A978-70DBA1A24732}.AppStore|iPhone.ActiveCfg = AppStore|iPhone
		{DC894E86-2152-4520-A978-70DBA1A24732}.AppStore|iPhone.Build.0 = AppStore|iPhone
		{DC894E86-2152-4520-A978-70DBA1A24732}.AppStore|iPhoneSimulator.ActiveCfg = AppStore|iPhoneSimulator
		{DC894E86-2152-4520-A978-70DBA1A24732}.AppStore|iPhoneSimulator.Build.0 = AppStore|iPhoneSimulator
		{DC894E86-2152-4520-A978-70DBA1A24732}.AppStore|x64.ActiveCfg = AppStore|iPhone
		{DC894E86-2152-4520-A978-70DBA1A24732}.AppStore|x86.ActiveCfg = AppStore|iPhone
		{DC894E86-2152-4520-A978-70DBA1A24732}.Debug|Any CPU.ActiveCfg = Debug|iPhone
		{DC894E86-2152-4520-A978-70DBA1A24732}.Debug|ARM.ActiveCfg = Debug|iPhone
		{DC894E86-2152-4520-A978-70DBA1A24732}.Debug|iPhone.ActiveCfg = Debug|iPhone
		{DC894E86-2152-4520-A978-70DBA1A24732}.Debug|iPhone.Build.0 = Debug|iPhone
		{DC894E86-2152-4520-A978-70DBA1A24732}.Debug|iPhoneSimulator.ActiveCfg = Debug|iPhoneSimulator
		{DC894E86-2152-4520-A978-70DBA1A24732}.Debug|iPhoneSimulator.Build.0 = Debug|iPhoneSimulator
		{DC894E86-2152-4520-A978-70DBA1A24732}.Debug|x64.ActiveCfg = Debug|iPhone
		{DC894E86-2152-4520-A978-70DBA1A24732}.Debug|x86.ActiveCfg = Debug|iPhone
		{DC894E86-2152-4520-A978-70DBA1A24732}.Release|Any CPU.ActiveCfg = Release|iPhone
		{DC894E86-2152-4520-A978-70DBA1A24732}.Release|ARM.ActiveCfg = Release|iPhone
		{DC894E86-2152-4520-A978-70DBA1A24732}.Release|iPhone.ActiveCfg = Release|iPhone
		{DC894E86-2152-4520-A978-70DBA1A24732}.Release|iPhone.Build.0 = Release|iPhone
		{DC894E86-2152-4520-A978-70DBA1A24732}.Release|iPhoneSimulator.ActiveCfg = Release|iPhoneSimulator
		{DC894E86-2152-4520-A978-70DBA1A24732}.Release|iPhoneSimulator.Build.0 = Release|iPhoneSimulator
		{DC894E86-2152-4520-A978-70DBA1A24732}.Release|x64.ActiveCfg = Release|iPhone
		{DC894E86-2152-4520-A978-70DBA1A24732}.Release|x86.ActiveCfg = Release|iPhone
		{DC894E86-2152-4520-A978-70DBA1A24732}.UWP|Any CPU.ActiveCfg = UWP|iPhone
		{DC894E86-2152-4520-A978-70DBA1A24732}.UWP|ARM.ActiveCfg = UWP|iPhone
		{DC894E86-2152-4520-A978-70DBA1A24732}.UWP|iPhone.ActiveCfg = UWP|iPhone
		{DC894E86-2152-4520-A978-70DBA1A24732}.UWP|iPhoneSimulator.ActiveCfg = UWP|iPhoneSimulator
		{DC894E86-2152-4520-A978-70DBA1A24732}.UWP|x64.ActiveCfg = UWP|iPhone
		{DC894E86-2152-4520-A978-70DBA1A24732}.UWP|x86.ActiveCfg = UWP|iPhone
		{68351946-D6B1-4453-AFC5-A0895A69AC76}.Ad-Hoc|Any CPU.ActiveCfg = Release|Any CPU
		{68351946-D6B1-4453-AFC5-A0895A69AC76}.Ad-Hoc|Any CPU.Build.0 = Release|Any CPU
		{68351946-D6B1-4453-AFC5-A0895A69AC76}.Ad-Hoc|ARM.ActiveCfg = Release|Any CPU
		{68351946-D6B1-4453-AFC5-A0895A69AC76}.Ad-Hoc|ARM.Build.0 = Release|Any CPU
		{68351946-D6B1-4453-AFC5-A0895A69AC76}.Ad-Hoc|iPhone.ActiveCfg = Release|Any CPU
		{68351946-D6B1-4453-AFC5-A0895A69AC76}.Ad-Hoc|iPhone.Build.0 = Release|Any CPU
		{68351946-D6B1-4453-AFC5-A0895A69AC76}.Ad-Hoc|iPhoneSimulator.ActiveCfg = Release|Any CPU
		{68351946-D6B1-4453-AFC5-A0895A69AC76}.Ad-Hoc|iPhoneSimulator.Build.0 = Release|Any CPU
		{68351946-D6B1-4453-AFC5-A0895A69AC76}.Ad-Hoc|x64.ActiveCfg = Release|Any CPU
		{68351946-D6B1-4453-AFC5-A0895A69AC76}.Ad-Hoc|x64.Build.0 = Release|Any CPU
		{68351946-D6B1-4453-AFC5-A0895A69AC76}.Ad-Hoc|x86.ActiveCfg = Release|Any CPU
		{68351946-D6B1-4453-AFC5-A0895A69AC76}.Ad-Hoc|x86.Build.0 = Release|Any CPU
		{68351946-D6B1-4453-AFC5-A0895A69AC76}.AppStore|Any CPU.ActiveCfg = Release|Any CPU
		{68351946-D6B1-4453-AFC5-A0895A69AC76}.AppStore|Any CPU.Build.0 = Release|Any CPU
		{68351946-D6B1-4453-AFC5-A0895A69AC76}.AppStore|ARM.ActiveCfg = Release|Any CPU
		{68351946-D6B1-4453-AFC5-A0895A69AC76}.AppStore|ARM.Build.0 = Release|Any CPU
		{68351946-D6B1-4453-AFC5-A0895A69AC76}.AppStore|iPhone.ActiveCfg = Release|Any CPU
		{68351946-D6B1-4453-AFC5-A0895A69AC76}.AppStore|iPhone.Build.0 = Release|Any CPU
		{68351946-D6B1-4453-AFC5-A0895A69AC76}.AppStore|iPhoneSimulator.ActiveCfg = Release|Any CPU
		{68351946-D6B1-4453-AFC5-A0895A69AC76}.AppStore|iPhoneSimulator.Build.0 = Release|Any CPU
		{68351946-D6B1-4453-AFC5-A0895A69AC76}.AppStore|x64.ActiveCfg = Release|Any CPU
		{68351946-D6B1-4453-AFC5-A0895A69AC76}.AppStore|x64.Build.0 = Release|Any CPU
		{68351946-D6B1-4453-AFC5-A0895A69AC76}.AppStore|x86.ActiveCfg = Release|Any CPU
		{68351946-D6B1-4453-AFC5-A0895A69AC76}.AppStore|x86.Build.0 = Release|Any CPU
		{68351946-D6B1-4453-AFC5-A0895A69AC76}.Debug|Any CPU.ActiveCfg = Debug|Any CPU
		{68351946-D6B1-4453-AFC5-A0895A69AC76}.Debug|Any CPU.Build.0 = Debug|Any CPU
		{68351946-D6B1-4453-AFC5-A0895A69AC76}.Debug|ARM.ActiveCfg = Debug|Any CPU
		{68351946-D6B1-4453-AFC5-A0895A69AC76}.Debug|ARM.Build.0 = Debug|Any CPU
		{68351946-D6B1-4453-AFC5-A0895A69AC76}.Debug|iPhone.ActiveCfg = Debug|Any CPU
		{68351946-D6B1-4453-AFC5-A0895A69AC76}.Debug|iPhone.Build.0 = Debug|Any CPU
		{68351946-D6B1-4453-AFC5-A0895A69AC76}.Debug|iPhoneSimulator.ActiveCfg = Debug|Any CPU
		{68351946-D6B1-4453-AFC5-A0895A69AC76}.Debug|iPhoneSimulator.Build.0 = Debug|Any CPU
		{68351946-D6B1-4453-AFC5-A0895A69AC76}.Debug|x64.ActiveCfg = Debug|Any CPU
		{68351946-D6B1-4453-AFC5-A0895A69AC76}.Debug|x64.Build.0 = Debug|Any CPU
		{68351946-D6B1-4453-AFC5-A0895A69AC76}.Debug|x86.ActiveCfg = Debug|Any CPU
		{68351946-D6B1-4453-AFC5-A0895A69AC76}.Debug|x86.Build.0 = Debug|Any CPU
		{68351946-D6B1-4453-AFC5-A0895A69AC76}.Release|Any CPU.ActiveCfg = UWP|Any CPU
		{68351946-D6B1-4453-AFC5-A0895A69AC76}.Release|Any CPU.Build.0 = UWP|Any CPU
		{68351946-D6B1-4453-AFC5-A0895A69AC76}.Release|ARM.ActiveCfg = Release|Any CPU
		{68351946-D6B1-4453-AFC5-A0895A69AC76}.Release|ARM.Build.0 = Release|Any CPU
		{68351946-D6B1-4453-AFC5-A0895A69AC76}.Release|iPhone.ActiveCfg = Release|Any CPU
		{68351946-D6B1-4453-AFC5-A0895A69AC76}.Release|iPhone.Build.0 = Release|Any CPU
		{68351946-D6B1-4453-AFC5-A0895A69AC76}.Release|iPhoneSimulator.ActiveCfg = Release|Any CPU
		{68351946-D6B1-4453-AFC5-A0895A69AC76}.Release|iPhoneSimulator.Build.0 = Release|Any CPU
		{68351946-D6B1-4453-AFC5-A0895A69AC76}.Release|x64.ActiveCfg = Release|Any CPU
		{68351946-D6B1-4453-AFC5-A0895A69AC76}.Release|x64.Build.0 = Release|Any CPU
		{68351946-D6B1-4453-AFC5-A0895A69AC76}.Release|x86.ActiveCfg = Release|Any CPU
		{68351946-D6B1-4453-AFC5-A0895A69AC76}.Release|x86.Build.0 = Release|Any CPU
		{68351946-D6B1-4453-AFC5-A0895A69AC76}.UWP|Any CPU.ActiveCfg = UWP|Any CPU
		{68351946-D6B1-4453-AFC5-A0895A69AC76}.UWP|Any CPU.Build.0 = UWP|Any CPU
		{68351946-D6B1-4453-AFC5-A0895A69AC76}.UWP|ARM.ActiveCfg = UWP|Any CPU
		{68351946-D6B1-4453-AFC5-A0895A69AC76}.UWP|ARM.Build.0 = UWP|Any CPU
		{68351946-D6B1-4453-AFC5-A0895A69AC76}.UWP|iPhone.ActiveCfg = UWP|Any CPU
		{68351946-D6B1-4453-AFC5-A0895A69AC76}.UWP|iPhone.Build.0 = UWP|Any CPU
		{68351946-D6B1-4453-AFC5-A0895A69AC76}.UWP|iPhoneSimulator.ActiveCfg = UWP|Any CPU
		{68351946-D6B1-4453-AFC5-A0895A69AC76}.UWP|iPhoneSimulator.Build.0 = UWP|Any CPU
		{68351946-D6B1-4453-AFC5-A0895A69AC76}.UWP|x64.ActiveCfg = UWP|Any CPU
		{68351946-D6B1-4453-AFC5-A0895A69AC76}.UWP|x64.Build.0 = UWP|Any CPU
		{68351946-D6B1-4453-AFC5-A0895A69AC76}.UWP|x86.ActiveCfg = UWP|Any CPU
		{68351946-D6B1-4453-AFC5-A0895A69AC76}.UWP|x86.Build.0 = UWP|Any CPU
		{F617E269-8670-4A2B-B274-F40A964ED6E4}.Ad-Hoc|Any CPU.ActiveCfg = Release|Any CPU
		{F617E269-8670-4A2B-B274-F40A964ED6E4}.Ad-Hoc|Any CPU.Build.0 = Release|Any CPU
		{F617E269-8670-4A2B-B274-F40A964ED6E4}.Ad-Hoc|ARM.ActiveCfg = Release|Any CPU
		{F617E269-8670-4A2B-B274-F40A964ED6E4}.Ad-Hoc|ARM.Build.0 = Release|Any CPU
		{F617E269-8670-4A2B-B274-F40A964ED6E4}.Ad-Hoc|iPhone.ActiveCfg = Release|Any CPU
		{F617E269-8670-4A2B-B274-F40A964ED6E4}.Ad-Hoc|iPhone.Build.0 = Release|Any CPU
		{F617E269-8670-4A2B-B274-F40A964ED6E4}.Ad-Hoc|iPhoneSimulator.ActiveCfg = Release|Any CPU
		{F617E269-8670-4A2B-B274-F40A964ED6E4}.Ad-Hoc|iPhoneSimulator.Build.0 = Release|Any CPU
		{F617E269-8670-4A2B-B274-F40A964ED6E4}.Ad-Hoc|x64.ActiveCfg = Release|Any CPU
		{F617E269-8670-4A2B-B274-F40A964ED6E4}.Ad-Hoc|x64.Build.0 = Release|Any CPU
		{F617E269-8670-4A2B-B274-F40A964ED6E4}.Ad-Hoc|x86.ActiveCfg = Release|Any CPU
		{F617E269-8670-4A2B-B274-F40A964ED6E4}.Ad-Hoc|x86.Build.0 = Release|Any CPU
		{F617E269-8670-4A2B-B274-F40A964ED6E4}.AppStore|Any CPU.ActiveCfg = Release|Any CPU
		{F617E269-8670-4A2B-B274-F40A964ED6E4}.AppStore|Any CPU.Build.0 = Release|Any CPU
		{F617E269-8670-4A2B-B274-F40A964ED6E4}.AppStore|ARM.ActiveCfg = Release|Any CPU
		{F617E269-8670-4A2B-B274-F40A964ED6E4}.AppStore|ARM.Build.0 = Release|Any CPU
		{F617E269-8670-4A2B-B274-F40A964ED6E4}.AppStore|iPhone.ActiveCfg = Release|Any CPU
		{F617E269-8670-4A2B-B274-F40A964ED6E4}.AppStore|iPhone.Build.0 = Release|Any CPU
		{F617E269-8670-4A2B-B274-F40A964ED6E4}.AppStore|iPhoneSimulator.ActiveCfg = Release|Any CPU
		{F617E269-8670-4A2B-B274-F40A964ED6E4}.AppStore|iPhoneSimulator.Build.0 = Release|Any CPU
		{F617E269-8670-4A2B-B274-F40A964ED6E4}.AppStore|x64.ActiveCfg = Release|Any CPU
		{F617E269-8670-4A2B-B274-F40A964ED6E4}.AppStore|x64.Build.0 = Release|Any CPU
		{F617E269-8670-4A2B-B274-F40A964ED6E4}.AppStore|x86.ActiveCfg = Release|Any CPU
		{F617E269-8670-4A2B-B274-F40A964ED6E4}.AppStore|x86.Build.0 = Release|Any CPU
		{F617E269-8670-4A2B-B274-F40A964ED6E4}.Debug|Any CPU.ActiveCfg = Debug|Any CPU
		{F617E269-8670-4A2B-B274-F40A964ED6E4}.Debug|Any CPU.Build.0 = Debug|Any CPU
		{F617E269-8670-4A2B-B274-F40A964ED6E4}.Debug|ARM.ActiveCfg = Debug|Any CPU
		{F617E269-8670-4A2B-B274-F40A964ED6E4}.Debug|ARM.Build.0 = Debug|Any CPU
		{F617E269-8670-4A2B-B274-F40A964ED6E4}.Debug|iPhone.ActiveCfg = Debug|Any CPU
		{F617E269-8670-4A2B-B274-F40A964ED6E4}.Debug|iPhone.Build.0 = Debug|Any CPU
		{F617E269-8670-4A2B-B274-F40A964ED6E4}.Debug|iPhoneSimulator.ActiveCfg = Debug|Any CPU
		{F617E269-8670-4A2B-B274-F40A964ED6E4}.Debug|iPhoneSimulator.Build.0 = Debug|Any CPU
		{F617E269-8670-4A2B-B274-F40A964ED6E4}.Debug|x64.ActiveCfg = Debug|Any CPU
		{F617E269-8670-4A2B-B274-F40A964ED6E4}.Debug|x64.Build.0 = Debug|Any CPU
		{F617E269-8670-4A2B-B274-F40A964ED6E4}.Debug|x86.ActiveCfg = Debug|Any CPU
		{F617E269-8670-4A2B-B274-F40A964ED6E4}.Debug|x86.Build.0 = Debug|Any CPU
		{F617E269-8670-4A2B-B274-F40A964ED6E4}.Release|Any CPU.ActiveCfg = Release|Any CPU
		{F617E269-8670-4A2B-B274-F40A964ED6E4}.Release|Any CPU.Build.0 = Release|Any CPU
		{F617E269-8670-4A2B-B274-F40A964ED6E4}.Release|ARM.ActiveCfg = Release|Any CPU
		{F617E269-8670-4A2B-B274-F40A964ED6E4}.Release|ARM.Build.0 = Release|Any CPU
		{F617E269-8670-4A2B-B274-F40A964ED6E4}.Release|iPhone.ActiveCfg = Release|Any CPU
		{F617E269-8670-4A2B-B274-F40A964ED6E4}.Release|iPhone.Build.0 = Release|Any CPU
		{F617E269-8670-4A2B-B274-F40A964ED6E4}.Release|iPhoneSimulator.ActiveCfg = Release|Any CPU
		{F617E269-8670-4A2B-B274-F40A964ED6E4}.Release|iPhoneSimulator.Build.0 = Release|Any CPU
		{F617E269-8670-4A2B-B274-F40A964ED6E4}.Release|x64.ActiveCfg = Release|Any CPU
		{F617E269-8670-4A2B-B274-F40A964ED6E4}.Release|x64.Build.0 = Release|Any CPU
		{F617E269-8670-4A2B-B274-F40A964ED6E4}.Release|x86.ActiveCfg = Release|Any CPU
		{F617E269-8670-4A2B-B274-F40A964ED6E4}.Release|x86.Build.0 = Release|Any CPU
		{F617E269-8670-4A2B-B274-F40A964ED6E4}.UWP|Any CPU.ActiveCfg = UWP|Any CPU
		{F617E269-8670-4A2B-B274-F40A964ED6E4}.UWP|Any CPU.Build.0 = UWP|Any CPU
		{F617E269-8670-4A2B-B274-F40A964ED6E4}.UWP|ARM.ActiveCfg = UWP|Any CPU
		{F617E269-8670-4A2B-B274-F40A964ED6E4}.UWP|ARM.Build.0 = UWP|Any CPU
		{F617E269-8670-4A2B-B274-F40A964ED6E4}.UWP|iPhone.ActiveCfg = UWP|Any CPU
		{F617E269-8670-4A2B-B274-F40A964ED6E4}.UWP|iPhone.Build.0 = UWP|Any CPU
		{F617E269-8670-4A2B-B274-F40A964ED6E4}.UWP|iPhoneSimulator.ActiveCfg = UWP|Any CPU
		{F617E269-8670-4A2B-B274-F40A964ED6E4}.UWP|iPhoneSimulator.Build.0 = UWP|Any CPU
		{F617E269-8670-4A2B-B274-F40A964ED6E4}.UWP|x64.ActiveCfg = UWP|Any CPU
		{F617E269-8670-4A2B-B274-F40A964ED6E4}.UWP|x64.Build.0 = UWP|Any CPU
		{F617E269-8670-4A2B-B274-F40A964ED6E4}.UWP|x86.ActiveCfg = UWP|Any CPU
		{F617E269-8670-4A2B-B274-F40A964ED6E4}.UWP|x86.Build.0 = UWP|Any CPU
		{7F172354-87A1-45CC-A134-7B743D5D389F}.Ad-Hoc|Any CPU.ActiveCfg = Release|Any CPU
		{7F172354-87A1-45CC-A134-7B743D5D389F}.Ad-Hoc|Any CPU.Build.0 = Release|Any CPU
		{7F172354-87A1-45CC-A134-7B743D5D389F}.Ad-Hoc|ARM.ActiveCfg = Release|Any CPU
		{7F172354-87A1-45CC-A134-7B743D5D389F}.Ad-Hoc|ARM.Build.0 = Release|Any CPU
		{7F172354-87A1-45CC-A134-7B743D5D389F}.Ad-Hoc|iPhone.ActiveCfg = Release|Any CPU
		{7F172354-87A1-45CC-A134-7B743D5D389F}.Ad-Hoc|iPhone.Build.0 = Release|Any CPU
		{7F172354-87A1-45CC-A134-7B743D5D389F}.Ad-Hoc|iPhoneSimulator.ActiveCfg = Release|Any CPU
		{7F172354-87A1-45CC-A134-7B743D5D389F}.Ad-Hoc|iPhoneSimulator.Build.0 = Release|Any CPU
		{7F172354-87A1-45CC-A134-7B743D5D389F}.Ad-Hoc|x64.ActiveCfg = Release|Any CPU
		{7F172354-87A1-45CC-A134-7B743D5D389F}.Ad-Hoc|x64.Build.0 = Release|Any CPU
		{7F172354-87A1-45CC-A134-7B743D5D389F}.Ad-Hoc|x86.ActiveCfg = Release|Any CPU
		{7F172354-87A1-45CC-A134-7B743D5D389F}.Ad-Hoc|x86.Build.0 = Release|Any CPU
		{7F172354-87A1-45CC-A134-7B743D5D389F}.AppStore|Any CPU.ActiveCfg = Release|Any CPU
		{7F172354-87A1-45CC-A134-7B743D5D389F}.AppStore|Any CPU.Build.0 = Release|Any CPU
		{7F172354-87A1-45CC-A134-7B743D5D389F}.AppStore|ARM.ActiveCfg = Release|Any CPU
		{7F172354-87A1-45CC-A134-7B743D5D389F}.AppStore|ARM.Build.0 = Release|Any CPU
		{7F172354-87A1-45CC-A134-7B743D5D389F}.AppStore|iPhone.ActiveCfg = Release|Any CPU
		{7F172354-87A1-45CC-A134-7B743D5D389F}.AppStore|iPhone.Build.0 = Release|Any CPU
		{7F172354-87A1-45CC-A134-7B743D5D389F}.AppStore|iPhoneSimulator.ActiveCfg = Release|Any CPU
		{7F172354-87A1-45CC-A134-7B743D5D389F}.AppStore|iPhoneSimulator.Build.0 = Release|Any CPU
		{7F172354-87A1-45CC-A134-7B743D5D389F}.AppStore|x64.ActiveCfg = Release|Any CPU
		{7F172354-87A1-45CC-A134-7B743D5D389F}.AppStore|x64.Build.0 = Release|Any CPU
		{7F172354-87A1-45CC-A134-7B743D5D389F}.AppStore|x86.ActiveCfg = Release|Any CPU
		{7F172354-87A1-45CC-A134-7B743D5D389F}.AppStore|x86.Build.0 = Release|Any CPU
		{7F172354-87A1-45CC-A134-7B743D5D389F}.Debug|Any CPU.ActiveCfg = Debug|Any CPU
		{7F172354-87A1-45CC-A134-7B743D5D389F}.Debug|ARM.ActiveCfg = Debug|Any CPU
		{7F172354-87A1-45CC-A134-7B743D5D389F}.Debug|ARM.Build.0 = Debug|Any CPU
		{7F172354-87A1-45CC-A134-7B743D5D389F}.Debug|iPhone.ActiveCfg = Debug|Any CPU
		{7F172354-87A1-45CC-A134-7B743D5D389F}.Debug|iPhone.Build.0 = Debug|Any CPU
		{7F172354-87A1-45CC-A134-7B743D5D389F}.Debug|iPhoneSimulator.ActiveCfg = Debug|Any CPU
		{7F172354-87A1-45CC-A134-7B743D5D389F}.Debug|iPhoneSimulator.Build.0 = Debug|Any CPU
		{7F172354-87A1-45CC-A134-7B743D5D389F}.Debug|x64.ActiveCfg = Debug|Any CPU
		{7F172354-87A1-45CC-A134-7B743D5D389F}.Debug|x64.Build.0 = Debug|Any CPU
		{7F172354-87A1-45CC-A134-7B743D5D389F}.Debug|x86.ActiveCfg = Debug|Any CPU
		{7F172354-87A1-45CC-A134-7B743D5D389F}.Debug|x86.Build.0 = Debug|Any CPU
		{7F172354-87A1-45CC-A134-7B743D5D389F}.Release|Any CPU.ActiveCfg = Release|Any CPU
		{7F172354-87A1-45CC-A134-7B743D5D389F}.Release|Any CPU.Build.0 = Release|Any CPU
		{7F172354-87A1-45CC-A134-7B743D5D389F}.Release|ARM.ActiveCfg = Release|Any CPU
		{7F172354-87A1-45CC-A134-7B743D5D389F}.Release|ARM.Build.0 = Release|Any CPU
		{7F172354-87A1-45CC-A134-7B743D5D389F}.Release|iPhone.ActiveCfg = Release|Any CPU
		{7F172354-87A1-45CC-A134-7B743D5D389F}.Release|iPhone.Build.0 = Release|Any CPU
		{7F172354-87A1-45CC-A134-7B743D5D389F}.Release|iPhoneSimulator.ActiveCfg = Release|Any CPU
		{7F172354-87A1-45CC-A134-7B743D5D389F}.Release|iPhoneSimulator.Build.0 = Release|Any CPU
		{7F172354-87A1-45CC-A134-7B743D5D389F}.Release|x64.ActiveCfg = Release|Any CPU
		{7F172354-87A1-45CC-A134-7B743D5D389F}.Release|x64.Build.0 = Release|Any CPU
		{7F172354-87A1-45CC-A134-7B743D5D389F}.Release|x86.ActiveCfg = Release|Any CPU
		{7F172354-87A1-45CC-A134-7B743D5D389F}.Release|x86.Build.0 = Release|Any CPU
		{7F172354-87A1-45CC-A134-7B743D5D389F}.UWP|Any CPU.ActiveCfg = Debug|Any CPU
		{7F172354-87A1-45CC-A134-7B743D5D389F}.UWP|ARM.ActiveCfg = Debug|Any CPU
		{7F172354-87A1-45CC-A134-7B743D5D389F}.UWP|iPhone.ActiveCfg = Debug|Any CPU
		{7F172354-87A1-45CC-A134-7B743D5D389F}.UWP|iPhoneSimulator.ActiveCfg = Debug|Any CPU
		{7F172354-87A1-45CC-A134-7B743D5D389F}.UWP|x64.ActiveCfg = Debug|Any CPU
		{7F172354-87A1-45CC-A134-7B743D5D389F}.UWP|x86.ActiveCfg = Debug|Any CPU
		{5C72AF31-0E94-4EE5-8FAE-2187E60EB25E}.Ad-Hoc|Any CPU.ActiveCfg = Release|x64
		{5C72AF31-0E94-4EE5-8FAE-2187E60EB25E}.Ad-Hoc|Any CPU.Build.0 = Release|x64
		{5C72AF31-0E94-4EE5-8FAE-2187E60EB25E}.Ad-Hoc|Any CPU.Deploy.0 = Release|x64
		{5C72AF31-0E94-4EE5-8FAE-2187E60EB25E}.Ad-Hoc|ARM.ActiveCfg = Release|ARM
		{5C72AF31-0E94-4EE5-8FAE-2187E60EB25E}.Ad-Hoc|ARM.Build.0 = Release|ARM
		{5C72AF31-0E94-4EE5-8FAE-2187E60EB25E}.Ad-Hoc|ARM.Deploy.0 = Release|ARM
		{5C72AF31-0E94-4EE5-8FAE-2187E60EB25E}.Ad-Hoc|iPhone.ActiveCfg = Release|x64
		{5C72AF31-0E94-4EE5-8FAE-2187E60EB25E}.Ad-Hoc|iPhone.Build.0 = Release|x64
		{5C72AF31-0E94-4EE5-8FAE-2187E60EB25E}.Ad-Hoc|iPhone.Deploy.0 = Release|x64
		{5C72AF31-0E94-4EE5-8FAE-2187E60EB25E}.Ad-Hoc|iPhoneSimulator.ActiveCfg = Release|x64
		{5C72AF31-0E94-4EE5-8FAE-2187E60EB25E}.Ad-Hoc|iPhoneSimulator.Build.0 = Release|x64
		{5C72AF31-0E94-4EE5-8FAE-2187E60EB25E}.Ad-Hoc|iPhoneSimulator.Deploy.0 = Release|x64
		{5C72AF31-0E94-4EE5-8FAE-2187E60EB25E}.Ad-Hoc|x64.ActiveCfg = Release|x64
		{5C72AF31-0E94-4EE5-8FAE-2187E60EB25E}.Ad-Hoc|x64.Build.0 = Release|x64
		{5C72AF31-0E94-4EE5-8FAE-2187E60EB25E}.Ad-Hoc|x64.Deploy.0 = Release|x64
		{5C72AF31-0E94-4EE5-8FAE-2187E60EB25E}.Ad-Hoc|x86.ActiveCfg = Release|x86
		{5C72AF31-0E94-4EE5-8FAE-2187E60EB25E}.Ad-Hoc|x86.Build.0 = Release|x86
		{5C72AF31-0E94-4EE5-8FAE-2187E60EB25E}.Ad-Hoc|x86.Deploy.0 = Release|x86
		{5C72AF31-0E94-4EE5-8FAE-2187E60EB25E}.AppStore|Any CPU.ActiveCfg = Release|x64
		{5C72AF31-0E94-4EE5-8FAE-2187E60EB25E}.AppStore|Any CPU.Build.0 = Release|x64
		{5C72AF31-0E94-4EE5-8FAE-2187E60EB25E}.AppStore|Any CPU.Deploy.0 = Release|x64
		{5C72AF31-0E94-4EE5-8FAE-2187E60EB25E}.AppStore|ARM.ActiveCfg = Release|ARM
		{5C72AF31-0E94-4EE5-8FAE-2187E60EB25E}.AppStore|ARM.Build.0 = Release|ARM
		{5C72AF31-0E94-4EE5-8FAE-2187E60EB25E}.AppStore|ARM.Deploy.0 = Release|ARM
		{5C72AF31-0E94-4EE5-8FAE-2187E60EB25E}.AppStore|iPhone.ActiveCfg = Release|x64
		{5C72AF31-0E94-4EE5-8FAE-2187E60EB25E}.AppStore|iPhone.Build.0 = Release|x64
		{5C72AF31-0E94-4EE5-8FAE-2187E60EB25E}.AppStore|iPhone.Deploy.0 = Release|x64
		{5C72AF31-0E94-4EE5-8FAE-2187E60EB25E}.AppStore|iPhoneSimulator.ActiveCfg = Release|x64
		{5C72AF31-0E94-4EE5-8FAE-2187E60EB25E}.AppStore|iPhoneSimulator.Build.0 = Release|x64
		{5C72AF31-0E94-4EE5-8FAE-2187E60EB25E}.AppStore|iPhoneSimulator.Deploy.0 = Release|x64
		{5C72AF31-0E94-4EE5-8FAE-2187E60EB25E}.AppStore|x64.ActiveCfg = Release|x64
		{5C72AF31-0E94-4EE5-8FAE-2187E60EB25E}.AppStore|x64.Build.0 = Release|x64
		{5C72AF31-0E94-4EE5-8FAE-2187E60EB25E}.AppStore|x64.Deploy.0 = Release|x64
		{5C72AF31-0E94-4EE5-8FAE-2187E60EB25E}.AppStore|x86.ActiveCfg = Release|x86
		{5C72AF31-0E94-4EE5-8FAE-2187E60EB25E}.AppStore|x86.Build.0 = Release|x86
		{5C72AF31-0E94-4EE5-8FAE-2187E60EB25E}.AppStore|x86.Deploy.0 = Release|x86
		{5C72AF31-0E94-4EE5-8FAE-2187E60EB25E}.Debug|Any CPU.ActiveCfg = Debug|x86
		{5C72AF31-0E94-4EE5-8FAE-2187E60EB25E}.Debug|Any CPU.Build.0 = Debug|x86
		{5C72AF31-0E94-4EE5-8FAE-2187E60EB25E}.Debug|Any CPU.Deploy.0 = Debug|x86
		{5C72AF31-0E94-4EE5-8FAE-2187E60EB25E}.Debug|ARM.ActiveCfg = Debug|ARM
		{5C72AF31-0E94-4EE5-8FAE-2187E60EB25E}.Debug|ARM.Build.0 = Debug|ARM
		{5C72AF31-0E94-4EE5-8FAE-2187E60EB25E}.Debug|ARM.Deploy.0 = Debug|ARM
		{5C72AF31-0E94-4EE5-8FAE-2187E60EB25E}.Debug|iPhone.ActiveCfg = Debug|x86
		{5C72AF31-0E94-4EE5-8FAE-2187E60EB25E}.Debug|iPhoneSimulator.ActiveCfg = Debug|x86
		{5C72AF31-0E94-4EE5-8FAE-2187E60EB25E}.Debug|iPhoneSimulator.Build.0 = Debug|x86
		{5C72AF31-0E94-4EE5-8FAE-2187E60EB25E}.Debug|iPhoneSimulator.Deploy.0 = Debug|x86
		{5C72AF31-0E94-4EE5-8FAE-2187E60EB25E}.Debug|x64.ActiveCfg = Debug|x64
		{5C72AF31-0E94-4EE5-8FAE-2187E60EB25E}.Debug|x64.Build.0 = Debug|x64
		{5C72AF31-0E94-4EE5-8FAE-2187E60EB25E}.Debug|x64.Deploy.0 = Debug|x64
		{5C72AF31-0E94-4EE5-8FAE-2187E60EB25E}.Debug|x86.ActiveCfg = Debug|x86
		{5C72AF31-0E94-4EE5-8FAE-2187E60EB25E}.Debug|x86.Build.0 = Debug|x86
		{5C72AF31-0E94-4EE5-8FAE-2187E60EB25E}.Debug|x86.Deploy.0 = Debug|x86
		{5C72AF31-0E94-4EE5-8FAE-2187E60EB25E}.Release|Any CPU.ActiveCfg = Release|x86
		{5C72AF31-0E94-4EE5-8FAE-2187E60EB25E}.Release|ARM.ActiveCfg = Release|ARM
		{5C72AF31-0E94-4EE5-8FAE-2187E60EB25E}.Release|ARM.Build.0 = Release|ARM
		{5C72AF31-0E94-4EE5-8FAE-2187E60EB25E}.Release|ARM.Deploy.0 = Release|ARM
		{5C72AF31-0E94-4EE5-8FAE-2187E60EB25E}.Release|iPhone.ActiveCfg = Release|x86
		{5C72AF31-0E94-4EE5-8FAE-2187E60EB25E}.Release|iPhoneSimulator.ActiveCfg = Release|x86
		{5C72AF31-0E94-4EE5-8FAE-2187E60EB25E}.Release|x64.ActiveCfg = Release|x64
		{5C72AF31-0E94-4EE5-8FAE-2187E60EB25E}.Release|x64.Build.0 = Release|x64
		{5C72AF31-0E94-4EE5-8FAE-2187E60EB25E}.Release|x64.Deploy.0 = Release|x64
		{5C72AF31-0E94-4EE5-8FAE-2187E60EB25E}.Release|x86.ActiveCfg = Release|x86
		{5C72AF31-0E94-4EE5-8FAE-2187E60EB25E}.Release|x86.Build.0 = Release|x86
		{5C72AF31-0E94-4EE5-8FAE-2187E60EB25E}.Release|x86.Deploy.0 = Release|x86
		{5C72AF31-0E94-4EE5-8FAE-2187E60EB25E}.UWP|Any CPU.ActiveCfg = UWP|x86
		{5C72AF31-0E94-4EE5-8FAE-2187E60EB25E}.UWP|Any CPU.Build.0 = UWP|x86
		{5C72AF31-0E94-4EE5-8FAE-2187E60EB25E}.UWP|Any CPU.Deploy.0 = UWP|x86
		{5C72AF31-0E94-4EE5-8FAE-2187E60EB25E}.UWP|ARM.ActiveCfg = UWP|ARM
		{5C72AF31-0E94-4EE5-8FAE-2187E60EB25E}.UWP|ARM.Build.0 = UWP|ARM
		{5C72AF31-0E94-4EE5-8FAE-2187E60EB25E}.UWP|ARM.Deploy.0 = UWP|ARM
		{5C72AF31-0E94-4EE5-8FAE-2187E60EB25E}.UWP|iPhone.ActiveCfg = UWP|x86
		{5C72AF31-0E94-4EE5-8FAE-2187E60EB25E}.UWP|iPhoneSimulator.ActiveCfg = UWP|x86
		{5C72AF31-0E94-4EE5-8FAE-2187E60EB25E}.UWP|iPhoneSimulator.Build.0 = UWP|x86
		{5C72AF31-0E94-4EE5-8FAE-2187E60EB25E}.UWP|iPhoneSimulator.Deploy.0 = UWP|x86
		{5C72AF31-0E94-4EE5-8FAE-2187E60EB25E}.UWP|x64.ActiveCfg = UWP|x64
		{5C72AF31-0E94-4EE5-8FAE-2187E60EB25E}.UWP|x64.Build.0 = UWP|x64
		{5C72AF31-0E94-4EE5-8FAE-2187E60EB25E}.UWP|x64.Deploy.0 = UWP|x64
		{5C72AF31-0E94-4EE5-8FAE-2187E60EB25E}.UWP|x86.ActiveCfg = UWP|x86
		{5C72AF31-0E94-4EE5-8FAE-2187E60EB25E}.UWP|x86.Deploy.0 = UWP|x86
	EndGlobalSection
	GlobalSection(SolutionProperties) = preSolution
		HideSolutionNode = FALSE
	EndGlobalSection
EndGlobal
